// !$*UTF8*$!
{
	archiveVersion = 1;
	classes = {
	};
	objectVersion = 46;
	objects = {

/* Begin PBXBuildFile section */
		03BCFCDFAC51187B8CE34FBA /* Pods_PLAVPlayer.framework in Frameworks */ = {isa = PBXBuildFile; fileRef = EE8003BA6FF42C2474D191D9 /* Pods_PLAVPlayer.framework */; };
		C619D4BF1EB9C49400CECF20 /* AppDelegate.swift in Sources */ = {isa = PBXBuildFile; fileRef = C619D4BE1EB9C49400CECF20 /* AppDelegate.swift */; };
		C619D4C11EB9C49500CECF20 /* ViewController.swift in Sources */ = {isa = PBXBuildFile; fileRef = C619D4C01EB9C49400CECF20 /* ViewController.swift */; };
		C619D4C41EB9C49500CECF20 /* Main.storyboard in Resources */ = {isa = PBXBuildFile; fileRef = C619D4C21EB9C49500CECF20 /* Main.storyboard */; };
		C619D4C61EB9C49500CECF20 /* Assets.xcassets in Resources */ = {isa = PBXBuildFile; fileRef = C619D4C51EB9C49500CECF20 /* Assets.xcassets */; };
		C619D4C91EB9C49500CECF20 /* LaunchScreen.storyboard in Resources */ = {isa = PBXBuildFile; fileRef = C619D4C71EB9C49500CECF20 /* LaunchScreen.storyboard */; };
		C619D4D41EB9C4D300CECF20 /* PLAVPlayView.swift in Sources */ = {isa = PBXBuildFile; fileRef = C619D4D31EB9C4D300CECF20 /* PLAVPlayView.swift */; };
		C619D4D61EB9D89000CECF20 /* PLAVPlayTopControl.swift in Sources */ = {isa = PBXBuildFile; fileRef = C619D4D51EB9D89000CECF20 /* PLAVPlayTopControl.swift */; };
		C619D4D81EB9D8A000CECF20 /* PLAVPlayBottomControl.swift in Sources */ = {isa = PBXBuildFile; fileRef = C619D4D71EB9D8A000CECF20 /* PLAVPlayBottomControl.swift */; };
		C619D4DC1EB9E77900CECF20 /* PLExtension.swift in Sources */ = {isa = PBXBuildFile; fileRef = C619D4DB1EB9E77900CECF20 /* PLExtension.swift */; };
		C61B37211EBC474500C1CF67 /* PLAVPlayControl.swift in Sources */ = {isa = PBXBuildFile; fileRef = C61B37201EBC474500C1CF67 /* PLAVPlayControl.swift */; };
		C624C1AA1EBAD750007367A2 /* btn_back_n@2x.png in Resources */ = {isa = PBXBuildFile; fileRef = C624C1991EBAD750007367A2 /* btn_back_n@2x.png */; };
		C624C1AB1EBAD750007367A2 /* playProcessDot_n@2x.png in Resources */ = {isa = PBXBuildFile; fileRef = C624C19A1EBAD750007367A2 /* playProcessDot_n@2x.png */; };
		C624C1AC1EBAD750007367A2 /* playProcessDot_n@3x.png in Resources */ = {isa = PBXBuildFile; fileRef = C624C19B1EBAD750007367A2 /* playProcessDot_n@3x.png */; };
		C624C1AD1EBAD750007367A2 /* toolbar_pause_h@2x.png in Resources */ = {isa = PBXBuildFile; fileRef = C624C19C1EBAD750007367A2 /* toolbar_pause_h@2x.png */; };
		C624C1AE1EBAD750007367A2 /* toolbar_pause_h@3x.png in Resources */ = {isa = PBXBuildFile; fileRef = C624C19D1EBAD750007367A2 /* toolbar_pause_h@3x.png */; };
		C624C1AF1EBAD750007367A2 /* toolbar_play_h@2x.png in Resources */ = {isa = PBXBuildFile; fileRef = C624C19E1EBAD750007367A2 /* toolbar_play_h@2x.png */; };
		C624C1B01EBAD750007367A2 /* toolbar_play_h@3x.png in Resources */ = {isa = PBXBuildFile; fileRef = C624C19F1EBAD750007367A2 /* toolbar_play_h@3x.png */; };
		C624C1B11EBAD750007367A2 /* toolbar_playinglist_h_p@2x.png in Resources */ = {isa = PBXBuildFile; fileRef = C624C1A01EBAD750007367A2 /* toolbar_playinglist_h_p@2x.png */; };
		C624C1B21EBAD750007367A2 /* toolbar_playinglist_h_p@3x.png in Resources */ = {isa = PBXBuildFile; fileRef = C624C1A11EBAD750007367A2 /* toolbar_playinglist_h_p@3x.png */; };
		C624C1B31EBAD750007367A2 /* videoplayer_expand@2x.png in Resources */ = {isa = PBXBuildFile; fileRef = C624C1A21EBAD750007367A2 /* videoplayer_expand@2x.png */; };
		C624C1B41EBAD750007367A2 /* videoplayer_expand@3x.png in Resources */ = {isa = PBXBuildFile; fileRef = C624C1A31EBAD750007367A2 /* videoplayer_expand@3x.png */; };
		C624C1B91EBAD750007367A2 /* videoplayer_shrink@2x.png in Resources */ = {isa = PBXBuildFile; fileRef = C624C1A81EBAD750007367A2 /* videoplayer_shrink@2x.png */; };
		C624C1BA1EBAD750007367A2 /* videoplayer_shrink@3x.png in Resources */ = {isa = PBXBuildFile; fileRef = C624C1A91EBAD750007367A2 /* videoplayer_shrink@3x.png */; };
/* End PBXBuildFile section */

/* Begin PBXFileReference section */
		81FB85ACA6BA90F0F2BB1E00 /* Pods-PLAVPlayer.release.xcconfig */ = {isa = PBXFileReference; includeInIndex = 1; lastKnownFileType = text.xcconfig; name = "Pods-PLAVPlayer.release.xcconfig"; path = "Pods/Target Support Files/Pods-PLAVPlayer/Pods-PLAVPlayer.release.xcconfig"; sourceTree = "<group>"; };
		BE9E4D7254E8E9E06C1AA6E9 /* Pods-PLAVPlayer.debug.xcconfig */ = {isa = PBXFileReference; includeInIndex = 1; lastKnownFileType = text.xcconfig; name = "Pods-PLAVPlayer.debug.xcconfig"; path = "Pods/Target Support Files/Pods-PLAVPlayer/Pods-PLAVPlayer.debug.xcconfig"; sourceTree = "<group>"; };
		C619D4BB1EB9C49400CECF20 /* PLAVPlayer.app */ = {isa = PBXFileReference; explicitFileType = wrapper.application; includeInIndex = 0; path = PLAVPlayer.app; sourceTree = BUILT_PRODUCTS_DIR; };
		C619D4BE1EB9C49400CECF20 /* AppDelegate.swift */ = {isa = PBXFileReference; lastKnownFileType = sourcecode.swift; path = AppDelegate.swift; sourceTree = "<group>"; };
		C619D4C01EB9C49400CECF20 /* ViewController.swift */ = {isa = PBXFileReference; lastKnownFileType = sourcecode.swift; path = ViewController.swift; sourceTree = "<group>"; };
		C619D4C31EB9C49500CECF20 /* Base */ = {isa = PBXFileReference; lastKnownFileType = file.storyboard; name = Base; path = Base.lproj/Main.storyboard; sourceTree = "<group>"; };
		C619D4C51EB9C49500CECF20 /* Assets.xcassets */ = {isa = PBXFileReference; lastKnownFileType = folder.assetcatalog; path = Assets.xcassets; sourceTree = "<group>"; };
		C619D4C81EB9C49500CECF20 /* Base */ = {isa = PBXFileReference; lastKnownFileType = file.storyboard; name = Base; path = Base.lproj/LaunchScreen.storyboard; sourceTree = "<group>"; };
		C619D4CA1EB9C49500CECF20 /* Info.plist */ = {isa = PBXFileReference; lastKnownFileType = text.plist.xml; path = Info.plist; sourceTree = "<group>"; };
		C619D4D31EB9C4D300CECF20 /* PLAVPlayView.swift */ = {isa = PBXFileReference; fileEncoding = 4; lastKnownFileType = sourcecode.swift; path = PLAVPlayView.swift; sourceTree = "<group>"; };
		C619D4D51EB9D89000CECF20 /* PLAVPlayTopControl.swift */ = {isa = PBXFileReference; fileEncoding = 4; lastKnownFileType = sourcecode.swift; path = PLAVPlayTopControl.swift; sourceTree = "<group>"; };
		C619D4D71EB9D8A000CECF20 /* PLAVPlayBottomControl.swift */ = {isa = PBXFileReference; fileEncoding = 4; lastKnownFileType = sourcecode.swift; path = PLAVPlayBottomControl.swift; sourceTree = "<group>"; };
		C619D4DB1EB9E77900CECF20 /* PLExtension.swift */ = {isa = PBXFileReference; fileEncoding = 4; lastKnownFileType = sourcecode.swift; path = PLExtension.swift; sourceTree = "<group>"; };
		C61B37201EBC474500C1CF67 /* PLAVPlayControl.swift */ = {isa = PBXFileReference; fileEncoding = 4; lastKnownFileType = sourcecode.swift; path = PLAVPlayControl.swift; sourceTree = "<group>"; };
		C624C1991EBAD750007367A2 /* btn_back_n@2x.png */ = {isa = PBXFileReference; lastKnownFileType = image.png; path = "btn_back_n@2x.png"; sourceTree = "<group>"; };
		C624C19A1EBAD750007367A2 /* playProcessDot_n@2x.png */ = {isa = PBXFileReference; lastKnownFileType = image.png; path = "playProcessDot_n@2x.png"; sourceTree = "<group>"; };
		C624C19B1EBAD750007367A2 /* playProcessDot_n@3x.png */ = {isa = PBXFileReference; lastKnownFileType = image.png; path = "playProcessDot_n@3x.png"; sourceTree = "<group>"; };
		C624C19C1EBAD750007367A2 /* toolbar_pause_h@2x.png */ = {isa = PBXFileReference; lastKnownFileType = image.png; path = "toolbar_pause_h@2x.png"; sourceTree = "<group>"; };
		C624C19D1EBAD750007367A2 /* toolbar_pause_h@3x.png */ = {isa = PBXFileReference; lastKnownFileType = image.png; path = "toolbar_pause_h@3x.png"; sourceTree = "<group>"; };
		C624C19E1EBAD750007367A2 /* toolbar_play_h@2x.png */ = {isa = PBXFileReference; lastKnownFileType = image.png; path = "toolbar_play_h@2x.png"; sourceTree = "<group>"; };
		C624C19F1EBAD750007367A2 /* toolbar_play_h@3x.png */ = {isa = PBXFileReference; lastKnownFileType = image.png; path = "toolbar_play_h@3x.png"; sourceTree = "<group>"; };
		C624C1A01EBAD750007367A2 /* toolbar_playinglist_h_p@2x.png */ = {isa = PBXFileReference; lastKnownFileType = image.png; path = "toolbar_playinglist_h_p@2x.png"; sourceTree = "<group>"; };
		C624C1A11EBAD750007367A2 /* toolbar_playinglist_h_p@3x.png */ = {isa = PBXFileReference; lastKnownFileType = image.png; path = "toolbar_playinglist_h_p@3x.png"; sourceTree = "<group>"; };
		C624C1A21EBAD750007367A2 /* videoplayer_expand@2x.png */ = {isa = PBXFileReference; lastKnownFileType = image.png; path = "videoplayer_expand@2x.png"; sourceTree = "<group>"; };
		C624C1A31EBAD750007367A2 /* videoplayer_expand@3x.png */ = {isa = PBXFileReference; lastKnownFileType = image.png; path = "videoplayer_expand@3x.png"; sourceTree = "<group>"; };
		C624C1A81EBAD750007367A2 /* videoplayer_shrink@2x.png */ = {isa = PBXFileReference; lastKnownFileType = image.png; path = "videoplayer_shrink@2x.png"; sourceTree = "<group>"; };
		C624C1A91EBAD750007367A2 /* videoplayer_shrink@3x.png */ = {isa = PBXFileReference; lastKnownFileType = image.png; path = "videoplayer_shrink@3x.png"; sourceTree = "<group>"; };
		EE8003BA6FF42C2474D191D9 /* Pods_PLAVPlayer.framework */ = {isa = PBXFileReference; explicitFileType = wrapper.framework; includeInIndex = 0; path = Pods_PLAVPlayer.framework; sourceTree = BUILT_PRODUCTS_DIR; };
/* End PBXFileReference section */

/* Begin PBXFrameworksBuildPhase section */
		C619D4B81EB9C49400CECF20 /* Frameworks */ = {
			isa = PBXFrameworksBuildPhase;
			buildActionMask = 2147483647;
			files = (
				03BCFCDFAC51187B8CE34FBA /* Pods_PLAVPlayer.framework in Frameworks */,
			);
			runOnlyForDeploymentPostprocessing = 0;
		};
/* End PBXFrameworksBuildPhase section */

/* Begin PBXGroup section */
		6CCB2AB8FC09A9B2A86E32ED /* Pods */ = {
			isa = PBXGroup;
			children = (
				BE9E4D7254E8E9E06C1AA6E9 /* Pods-PLAVPlayer.debug.xcconfig */,
				81FB85ACA6BA90F0F2BB1E00 /* Pods-PLAVPlayer.release.xcconfig */,
			);
			name = Pods;
			sourceTree = "<group>";
		};
		C619D4B21EB9C49400CECF20 = {
			isa = PBXGroup;
			children = (
				C619D4BD1EB9C49400CECF20 /* PLAVPlayer */,
				C619D4BC1EB9C49400CECF20 /* Products */,
				6CCB2AB8FC09A9B2A86E32ED /* Pods */,
				D3267BB7530196E2B9AA1DDC /* Frameworks */,
			);
			sourceTree = "<group>";
		};
		C619D4BC1EB9C49400CECF20 /* Products */ = {
			isa = PBXGroup;
			children = (
				C619D4BB1EB9C49400CECF20 /* PLAVPlayer.app */,
			);
			name = Products;
			sourceTree = "<group>";
		};
		C619D4BD1EB9C49400CECF20 /* PLAVPlayer */ = {
			isa = PBXGroup;
			children = (
				C619D4D21EB9C4BB00CECF20 /* PLAVPlayer */,
				C619D4BE1EB9C49400CECF20 /* AppDelegate.swift */,
				C619D4C01EB9C49400CECF20 /* ViewController.swift */,
				C619D4C21EB9C49500CECF20 /* Main.storyboard */,
				C619D4C51EB9C49500CECF20 /* Assets.xcassets */,
				C619D4C71EB9C49500CECF20 /* LaunchScreen.storyboard */,
				C619D4CA1EB9C49500CECF20 /* Info.plist */,
			);
			path = PLAVPlayer;
			sourceTree = "<group>";
		};
		C619D4D21EB9C4BB00CECF20 /* PLAVPlayer */ = {
			isa = PBXGroup;
			children = (
				C624C1981EBAD74F007367A2 /* PLAVPlayImage */,
				C619D4D31EB9C4D300CECF20 /* PLAVPlayView.swift */,
				C61B37201EBC474500C1CF67 /* PLAVPlayControl.swift */,
				C619D4D51EB9D89000CECF20 /* PLAVPlayTopControl.swift */,
				C619D4D71EB9D8A000CECF20 /* PLAVPlayBottomControl.swift */,
				C619D4DB1EB9E77900CECF20 /* PLExtension.swift */,
			);
			path = PLAVPlayer;
			sourceTree = "<group>";
		};
		C624C1981EBAD74F007367A2 /* PLAVPlayImage */ = {
			isa = PBXGroup;
			children = (
				C624C1991EBAD750007367A2 /* btn_back_n@2x.png */,
				C624C19A1EBAD750007367A2 /* playProcessDot_n@2x.png */,
				C624C19B1EBAD750007367A2 /* playProcessDot_n@3x.png */,
				C624C19C1EBAD750007367A2 /* toolbar_pause_h@2x.png */,
				C624C19D1EBAD750007367A2 /* toolbar_pause_h@3x.png */,
				C624C19E1EBAD750007367A2 /* toolbar_play_h@2x.png */,
				C624C19F1EBAD750007367A2 /* toolbar_play_h@3x.png */,
				C624C1A01EBAD750007367A2 /* toolbar_playinglist_h_p@2x.png */,
				C624C1A11EBAD750007367A2 /* toolbar_playinglist_h_p@3x.png */,
				C624C1A21EBAD750007367A2 /* videoplayer_expand@2x.png */,
				C624C1A31EBAD750007367A2 /* videoplayer_expand@3x.png */,
				C624C1A81EBAD750007367A2 /* videoplayer_shrink@2x.png */,
				C624C1A91EBAD750007367A2 /* videoplayer_shrink@3x.png */,
			);
			path = PLAVPlayImage;
			sourceTree = "<group>";
		};
		D3267BB7530196E2B9AA1DDC /* Frameworks */ = {
			isa = PBXGroup;
			children = (
				EE8003BA6FF42C2474D191D9 /* Pods_PLAVPlayer.framework */,
			);
			name = Frameworks;
			sourceTree = "<group>";
		};
/* End PBXGroup section */

/* Begin PBXNativeTarget section */
		C619D4BA1EB9C49400CECF20 /* PLAVPlayer */ = {
			isa = PBXNativeTarget;
			buildConfigurationList = C619D4CD1EB9C49500CECF20 /* Build configuration list for PBXNativeTarget "PLAVPlayer" */;
			buildPhases = (
				3791139B1CB18F683CCE6B92 /* [CP] Check Pods Manifest.lock */,
				C619D4B71EB9C49400CECF20 /* Sources */,
				C619D4B81EB9C49400CECF20 /* Frameworks */,
				C619D4B91EB9C49400CECF20 /* Resources */,
				BB3000291A3DE8ACA08C759A /* [CP] Embed Pods Frameworks */,
				1B68511CC4A78D6B0BAB8E0C /* [CP] Copy Pods Resources */,
			);
			buildRules = (
			);
			dependencies = (
			);
			name = PLAVPlayer;
			productName = PLAVPlayer;
			productReference = C619D4BB1EB9C49400CECF20 /* PLAVPlayer.app */;
			productType = "com.apple.product-type.application";
		};
/* End PBXNativeTarget section */

/* Begin PBXProject section */
		C619D4B31EB9C49400CECF20 /* Project object */ = {
			isa = PBXProject;
			attributes = {
				LastSwiftUpdateCheck = 0830;
				LastUpgradeCheck = 0830;
				ORGANIZATIONNAME = "张征鸿";
				TargetAttributes = {
					C619D4BA1EB9C49400CECF20 = {
						CreatedOnToolsVersion = 8.3;
						ProvisioningStyle = Automatic;
					};
				};
			};
			buildConfigurationList = C619D4B61EB9C49400CECF20 /* Build configuration list for PBXProject "PLAVPlayer" */;
			compatibilityVersion = "Xcode 3.2";
			developmentRegion = English;
			hasScannedForEncodings = 0;
			knownRegions = (
				en,
				Base,
			);
			mainGroup = C619D4B21EB9C49400CECF20;
			productRefGroup = C619D4BC1EB9C49400CECF20 /* Products */;
			projectDirPath = "";
			projectRoot = "";
			targets = (
				C619D4BA1EB9C49400CECF20 /* PLAVPlayer */,
			);
		};
/* End PBXProject section */

/* Begin PBXResourcesBuildPhase section */
		C619D4B91EB9C49400CECF20 /* Resources */ = {
			isa = PBXResourcesBuildPhase;
			buildActionMask = 2147483647;
			files = (
				C624C1B01EBAD750007367A2 /* toolbar_play_h@3x.png in Resources */,
				C624C1B11EBAD750007367A2 /* toolbar_playinglist_h_p@2x.png in Resources */,
				C624C1AC1EBAD750007367A2 /* playProcessDot_n@3x.png in Resources */,
				C624C1AD1EBAD750007367A2 /* toolbar_pause_h@2x.png in Resources */,
				C624C1B41EBAD750007367A2 /* videoplayer_expand@3x.png in Resources */,
				C624C1BA1EBAD750007367A2 /* videoplayer_shrink@3x.png in Resources */,
				C619D4C91EB9C49500CECF20 /* LaunchScreen.storyboard in Resources */,
				C624C1B91EBAD750007367A2 /* videoplayer_shrink@2x.png in Resources */,
				C624C1AE1EBAD750007367A2 /* toolbar_pause_h@3x.png in Resources */,
				C624C1AF1EBAD750007367A2 /* toolbar_play_h@2x.png in Resources */,
				C624C1B31EBAD750007367A2 /* videoplayer_expand@2x.png in Resources */,
				C619D4C61EB9C49500CECF20 /* Assets.xcassets in Resources */,
				C624C1B21EBAD750007367A2 /* toolbar_playinglist_h_p@3x.png in Resources */,
				C624C1AB1EBAD750007367A2 /* playProcessDot_n@2x.png in Resources */,
				C619D4C41EB9C49500CECF20 /* Main.storyboard in Resources */,
				C624C1AA1EBAD750007367A2 /* btn_back_n@2x.png in Resources */,
			);
			runOnlyForDeploymentPostprocessing = 0;
		};
/* End PBXResourcesBuildPhase section */

/* Begin PBXShellScriptBuildPhase section */
		1B68511CC4A78D6B0BAB8E0C /* [CP] Copy Pods Resources */ = {
			isa = PBXShellScriptBuildPhase;
			buildActionMask = 2147483647;
			files = (
			);
			inputPaths = (
			);
			name = "[CP] Copy Pods Resources";
			outputPaths = (
			);
			runOnlyForDeploymentPostprocessing = 0;
			shellPath = /bin/sh;
			shellScript = "\"${SRCROOT}/Pods/Target Support Files/Pods-PLAVPlayer/Pods-PLAVPlayer-resources.sh\"\n";
			showEnvVarsInLog = 0;
		};
		3791139B1CB18F683CCE6B92 /* [CP] Check Pods Manifest.lock */ = {
			isa = PBXShellScriptBuildPhase;
			buildActionMask = 2147483647;
			files = (
			);
			inputPaths = (
			);
			name = "[CP] Check Pods Manifest.lock";
			outputPaths = (
			);
			runOnlyForDeploymentPostprocessing = 0;
			shellPath = /bin/sh;
			shellScript = "diff \"${PODS_ROOT}/../Podfile.lock\" \"${PODS_ROOT}/Manifest.lock\" > /dev/null\nif [ $? != 0 ] ; then\n    # print error to STDERR\n    echo \"error: The sandbox is not in sync with the Podfile.lock. Run 'pod install' or update your CocoaPods installation.\" >&2\n    exit 1\nfi\n";
			showEnvVarsInLog = 0;
		};
		BB3000291A3DE8ACA08C759A /* [CP] Embed Pods Frameworks */ = {
			isa = PBXShellScriptBuildPhase;
			buildActionMask = 2147483647;
			files = (
			);
			inputPaths = (
			);
			name = "[CP] Embed Pods Frameworks";
			outputPaths = (
			);
			runOnlyForDeploymentPostprocessing = 0;
			shellPath = /bin/sh;
			shellScript = "\"${SRCROOT}/Pods/Target Support Files/Pods-PLAVPlayer/Pods-PLAVPlayer-frameworks.sh\"\n";
			showEnvVarsInLog = 0;
		};
/* End PBXShellScriptBuildPhase section */

/* Begin PBXSourcesBuildPhase section */
		C619D4B71EB9C49400CECF20 /* Sources */ = {
			isa = PBXSourcesBuildPhase;
			buildActionMask = 2147483647;
			files = (
				C619D4D81EB9D8A000CECF20 /* PLAVPlayBottomControl.swift in Sources */,
				C619D4DC1EB9E77900CECF20 /* PLExtension.swift in Sources */,
				C619D4D61EB9D89000CECF20 /* PLAVPlayTopControl.swift in Sources */,
				C619D4C11EB9C49500CECF20 /* ViewController.swift in Sources */,
				C619D4D41EB9C4D300CECF20 /* PLAVPlayView.swift in Sources */,
				C61B37211EBC474500C1CF67 /* PLAVPlayControl.swift in Sources */,
				C619D4BF1EB9C49400CECF20 /* AppDelegate.swift in Sources */,
			);
			runOnlyForDeploymentPostprocessing = 0;
		};
/* End PBXSourcesBuildPhase section */

/* Begin PBXVariantGroup section */
		C619D4C21EB9C49500CECF20 /* Main.storyboard */ = {
			isa = PBXVariantGroup;
			children = (
				C619D4C31EB9C49500CECF20 /* Base */,
			);
			name = Main.storyboard;
			sourceTree = "<group>";
		};
		C619D4C71EB9C49500CECF20 /* LaunchScreen.storyboard */ = {
			isa = PBXVariantGroup;
			children = (
				C619D4C81EB9C49500CECF20 /* Base */,
			);
			name = LaunchScreen.storyboard;
			sourceTree = "<group>";
		};
/* End PBXVariantGroup section */

/* Begin XCBuildConfiguration section */
		C619D4CB1EB9C49500CECF20 /* Debug */ = {
			isa = XCBuildConfiguration;
			buildSettings = {
				ALWAYS_SEARCH_USER_PATHS = NO;
				CLANG_ANALYZER_NONNULL = YES;
				CLANG_ANALYZER_NUMBER_OBJECT_CONVERSION = YES_AGGRESSIVE;
				CLANG_CXX_LANGUAGE_STANDARD = "gnu++0x";
				CLANG_CXX_LIBRARY = "libc++";
				CLANG_ENABLE_MODULES = YES;
				CLANG_ENABLE_OBJC_ARC = YES;
				CLANG_WARN_BOOL_CONVERSION = YES;
				CLANG_WARN_CONSTANT_CONVERSION = YES;
				CLANG_WARN_DIRECT_OBJC_ISA_USAGE = YES_ERROR;
				CLANG_WARN_DOCUMENTATION_COMMENTS = YES;
				CLANG_WARN_EMPTY_BODY = YES;
				CLANG_WARN_ENUM_CONVERSION = YES;
				CLANG_WARN_INFINITE_RECURSION = YES;
				CLANG_WARN_INT_CONVERSION = YES;
				CLANG_WARN_OBJC_ROOT_CLASS = YES_ERROR;
				CLANG_WARN_SUSPICIOUS_MOVE = YES;
				CLANG_WARN_UNREACHABLE_CODE = YES;
				CLANG_WARN__DUPLICATE_METHOD_MATCH = YES;
				"CODE_SIGN_IDENTITY[sdk=iphoneos*]" = "iPhone Developer";
				COPY_PHASE_STRIP = NO;
				DEBUG_INFORMATION_FORMAT = dwarf;
				ENABLE_STRICT_OBJC_MSGSEND = YES;
				ENABLE_TESTABILITY = YES;
				GCC_C_LANGUAGE_STANDARD = gnu99;
				GCC_DYNAMIC_NO_PIC = NO;
				GCC_NO_COMMON_BLOCKS = YES;
				GCC_OPTIMIZATION_LEVEL = 0;
				GCC_PREPROCESSOR_DEFINITIONS = (
					"DEBUG=1",
					"$(inherited)",
				);
				GCC_WARN_64_TO_32_BIT_CONVERSION = YES;
				GCC_WARN_ABOUT_RETURN_TYPE = YES_ERROR;
				GCC_WARN_UNDECLARED_SELECTOR = YES;
				GCC_WARN_UNINITIALIZED_AUTOS = YES_AGGRESSIVE;
				GCC_WARN_UNUSED_FUNCTION = YES;
				GCC_WARN_UNUSED_VARIABLE = YES;
				IPHONEOS_DEPLOYMENT_TARGET = 10.3;
				MTL_ENABLE_DEBUG_INFO = YES;
				ONLY_ACTIVE_ARCH = YES;
				SDKROOT = iphoneos;
				SWIFT_ACTIVE_COMPILATION_CONDITIONS = DEBUG;
				SWIFT_OPTIMIZATION_LEVEL = "-Onone";
			};
			name = Debug;
		};
		C619D4CC1EB9C49500CECF20 /* Release */ = {
			isa = XCBuildConfiguration;
			buildSettings = {
				ALWAYS_SEARCH_USER_PATHS = NO;
				CLANG_ANALYZER_NONNULL = YES;
				CLANG_ANALYZER_NUMBER_OBJECT_CONVERSION = YES_AGGRESSIVE;
				CLANG_CXX_LANGUAGE_STANDARD = "gnu++0x";
				CLANG_CXX_LIBRARY = "libc++";
				CLANG_ENABLE_MODULES = YES;
				CLANG_ENABLE_OBJC_ARC = YES;
				CLANG_WARN_BOOL_CONVERSION = YES;
				CLANG_WARN_CONSTANT_CONVERSION = YES;
				CLANG_WARN_DIRECT_OBJC_ISA_USAGE = YES_ERROR;
				CLANG_WARN_DOCUMENTATION_COMMENTS = YES;
				CLANG_WARN_EMPTY_BODY = YES;
				CLANG_WARN_ENUM_CONVERSION = YES;
				CLANG_WARN_INFINITE_RECURSION = YES;
				CLANG_WARN_INT_CONVERSION = YES;
				CLANG_WARN_OBJC_ROOT_CLASS = YES_ERROR;
				CLANG_WARN_SUSPICIOUS_MOVE = YES;
				CLANG_WARN_UNREACHABLE_CODE = YES;
				CLANG_WARN__DUPLICATE_METHOD_MATCH = YES;
				"CODE_SIGN_IDENTITY[sdk=iphoneos*]" = "iPhone Developer";
				COPY_PHASE_STRIP = NO;
				DEBUG_INFORMATION_FORMAT = "dwarf-with-dsym";
				ENABLE_NS_ASSERTIONS = NO;
				ENABLE_STRICT_OBJC_MSGSEND = YES;
				GCC_C_LANGUAGE_STANDARD = gnu99;
				GCC_NO_COMMON_BLOCKS = YES;
				GCC_WARN_64_TO_32_BIT_CONVERSION = YES;
				GCC_WARN_ABOUT_RETURN_TYPE = YES_ERROR;
				GCC_WARN_UNDECLARED_SELECTOR = YES;
				GCC_WARN_UNINITIALIZED_AUTOS = YES_AGGRESSIVE;
				GCC_WARN_UNUSED_FUNCTION = YES;
				GCC_WARN_UNUSED_VARIABLE = YES;
				IPHONEOS_DEPLOYMENT_TARGET = 10.3;
				MTL_ENABLE_DEBUG_INFO = NO;
				SDKROOT = iphoneos;
				SWIFT_OPTIMIZATION_LEVEL = "-Owholemodule";
				VALIDATE_PRODUCT = YES;
			};
			name = Release;
		};
		C619D4CE1EB9C49500CECF20 /* Debug */ = {
			isa = XCBuildConfiguration;
			baseConfigurationReference = BE9E4D7254E8E9E06C1AA6E9 /* Pods-PLAVPlayer.debug.xcconfig */;
			buildSettings = {
				ASSETCATALOG_COMPILER_APPICON_NAME = AppIcon;
				INFOPLIST_FILE = PLAVPlayer/Info.plist;
				LD_RUNPATH_SEARCH_PATHS = "$(inherited) @executable_path/Frameworks";
				PRODUCT_BUNDLE_IDENTIFIER = com.xingai.PLAVPlayer;
				PRODUCT_NAME = "$(TARGET_NAME)";
				SWIFT_VERSION = 3.0;
			};
			name = Debug;
		};
		C619D4CF1EB9C49500CECF20 /* Release */ = {
			isa = XCBuildConfiguration;
			baseConfigurationReference = 81FB85ACA6BA90F0F2BB1E00 /* Pods-PLAVPlayer.release.xcconfig */;
			buildSettings = {
				ASSETCATALOG_COMPILER_APPICON_NAME = AppIcon;
				INFOPLIST_FILE = PLAVPlayer/Info.plist;
				LD_RUNPATH_SEARCH_PATHS = "$(inherited) @executable_path/Frameworks";
				PRODUCT_BUNDLE_IDENTIFIER = com.xingai.PLAVPlayer;
				PRODUCT_NAME = "$(TARGET_NAME)";
				SWIFT_VERSION = 3.0;
			};
			name = Release;
		};
/* End XCBuildConfiguration section */

/* Begin XCConfigurationList section */
		C619D4B61EB9C49400CECF20 /* Build configuration list for PBXProject "PLAVPlayer" */ = {
			isa = XCConfigurationList;
			buildConfigurations = (
				C619D4CB1EB9C49500CECF20 /* Debug */,
				C619D4CC1EB9C49500CECF20 /* Release */,
			);
			defaultConfigurationIsVisible = 0;
			defaultConfigurationName = Release;
		};
		C619D4CD1EB9C49500CECF20 /* Build configuration list for PBXNativeTarget "PLAVPlayer" */ = {
			isa = XCConfigurationList;
			buildConfigurations = (
				C619D4CE1EB9C49500CECF20 /* Debug */,
				C619D4CF1EB9C49500CECF20 /* Release */,
			);
			defaultConfigurationIsVisible = 0;
			defaultConfigurationName = Release;
		};
/* End XCConfigurationList section */
	};
	rootObject = C619D4B31EB9C49400CECF20 /* Project object */;
}
